
Microsoft Visual Studio Solution File, Format Version 12.00
# Visual Studio Version 17
VisualStudioVersion = 17.9.34622.214
MinimumVisualStudioVersion = 10.0.40219.1
Project("{9A19103F-16F7-4668-BE54-9A1E7A4F7556}") = "WebAPI.WebAPI", "WebAPI\WebAPI.WebAPI.csproj", "{9670AE23-24C0-4481-A9B1-167F72308FAD}"
	ProjectSection(ProjectDependencies) = postProject
		{352F665D-5EAA-45DF-9D90-DC901B7E2153} = {352F665D-5EAA-45DF-9D90-DC901B7E2153}
	EndProjectSection
EndProject
Project("{9A19103F-16F7-4668-BE54-9A1E7A4F7556}") = "WebAPI.Domain", "WebAPI.Domain\WebAPI.Domain.csproj", "{DD79985F-693D-4AEA-B6ED-ED9AAF46DDE4}"
EndProject
Project("{9A19103F-16F7-4668-BE54-9A1E7A4F7556}") = "WebAPI.Persistence", "WebAPI.Persistence\WebAPI.Persistence.csproj", "{352F665D-5EAA-45DF-9D90-DC901B7E2153}"
EndProject
Project("{2150E333-8FDC-42A3-9474-1A3956D46DE8}") = "src", "src", "{D4FE6E66-5108-44EE-9880-71461A9C37AA}"
EndProject
Project("{9A19103F-16F7-4668-BE54-9A1E7A4F7556}") = "WebAPI.Application", "WebAPI.Application\WebAPI.Application.csproj", "{0C05C9E9-9162-4F62-B5FA-DBB87F2BFD3C}"
EndProject
Global
	GlobalSection(SolutionConfigurationPlatforms) = preSolution
		Debug|Any CPU = Debug|Any CPU
		Release|Any CPU = Release|Any CPU
	EndGlobalSection
	GlobalSection(ProjectConfigurationPlatforms) = postSolution
		{9670AE23-24C0-4481-A9B1-167F72308FAD}.Debug|Any CPU.ActiveCfg = Debug|Any CPU
		{9670AE23-24C0-4481-A9B1-167F72308FAD}.Debug|Any CPU.Build.0 = Debug|Any CPU
		{9670AE23-24C0-4481-A9B1-167F72308FAD}.Release|Any CPU.ActiveCfg = Release|Any CPU
		{9670AE23-24C0-4481-A9B1-167F72308FAD}.Release|Any CPU.Build.0 = Release|Any CPU
		{DD79985F-693D-4AEA-B6ED-ED9AAF46DDE4}.Debug|Any CPU.ActiveCfg = Debug|Any CPU
		{DD79985F-693D-4AEA-B6ED-ED9AAF46DDE4}.Debug|Any CPU.Build.0 = Debug|Any CPU
		{DD79985F-693D-4AEA-B6ED-ED9AAF46DDE4}.Release|Any CPU.ActiveCfg = Release|Any CPU
		{DD79985F-693D-4AEA-B6ED-ED9AAF46DDE4}.Release|Any CPU.Build.0 = Release|Any CPU
		{352F665D-5EAA-45DF-9D90-DC901B7E2153}.Debug|Any CPU.ActiveCfg = Debug|Any CPU
		{352F665D-5EAA-45DF-9D90-DC901B7E2153}.Debug|Any CPU.Build.0 = Debug|Any CPU
		{352F665D-5EAA-45DF-9D90-DC901B7E2153}.Release|Any CPU.ActiveCfg = Release|Any CPU
		{352F665D-5EAA-45DF-9D90-DC901B7E2153}.Release|Any CPU.Build.0 = Release|Any CPU
		{0C05C9E9-9162-4F62-B5FA-DBB87F2BFD3C}.Debug|Any CPU.ActiveCfg = Debug|Any CPU
		{0C05C9E9-9162-4F62-B5FA-DBB87F2BFD3C}.Debug|Any CPU.Build.0 = Debug|Any CPU
		{0C05C9E9-9162-4F62-B5FA-DBB87F2BFD3C}.Release|Any CPU.ActiveCfg = Release|Any CPU
		{0C05C9E9-9162-4F62-B5FA-DBB87F2BFD3C}.Release|Any CPU.Build.0 = Release|Any CPU
	EndGlobalSection
	GlobalSection(SolutionProperties) = preSolution
		HideSolutionNode = FALSE
	EndGlobalSection
	GlobalSection(NestedProjects) = preSolution
		{9670AE23-24C0-4481-A9B1-167F72308FAD} = {D4FE6E66-5108-44EE-9880-71461A9C37AA}
		{DD79985F-693D-4AEA-B6ED-ED9AAF46DDE4} = {D4FE6E66-5108-44EE-9880-71461A9C37AA}
		{352F665D-5EAA-45DF-9D90-DC901B7E2153} = {D4FE6E66-5108-44EE-9880-71461A9C37AA}
		{0C05C9E9-9162-4F62-B5FA-DBB87F2BFD3C} = {D4FE6E66-5108-44EE-9880-71461A9C37AA}
	EndGlobalSection
	GlobalSection(ExtensibilityGlobals) = postSolution
		SolutionGuid = {00174D6F-2243-4854-8035-D2156F98EEBF}
	EndGlobalSection
EndGlobal
